
Microsoft Visual Studio Solution File, Format Version 12.00
# Visual Studio 15
VisualStudioVersion = 15.0.28307.645
MinimumVisualStudioVersion = 10.0.40219.1
Project("{FAE04EC0-301F-11D3-BF4B-00C04F79EFBC}") = "MyFirstMobileApps.Android", "MyFirstMobileApps\MyFirstMobileApps.Android\MyFirstMobileApps.Android.csproj", "{54319DA0-7E1D-456B-A0D3-E5CDE23B1EBF}"
EndProject
Project("{9A19103F-16F7-4668-BE54-9A1E7A4F7556}") = "MyFirstMobileApps", "MyFirstMobileApps\MyFirstMobileApps\MyFirstMobileApps.csproj", "{989AC7EF-8768-4954-B106-273C4376DD2F}"
EndProject
Global
	GlobalSection(SolutionConfigurationPlatforms) = preSolution
		Ad-Hoc|Any CPU = Ad-Hoc|Any CPU
		Ad-Hoc|iPhone = Ad-Hoc|iPhone
		Ad-Hoc|iPhoneSimulator = Ad-Hoc|iPhoneSimulator
		AppStore|Any CPU = AppStore|Any CPU
		AppStore|iPhone = AppStore|iPhone
		AppStore|iPhoneSimulator = AppStore|iPhoneSimulator
		Debug|Any CPU = Debug|Any CPU
		Debug|iPhone = Debug|iPhone
		Debug|iPhoneSimulator = Debug|iPhoneSimulator
		Release|Any CPU = Release|Any CPU
		Release|iPhone = Release|iPhone
		Release|iPhoneSimulator = Release|iPhoneSimulator
	EndGlobalSection
	GlobalSection(ProjectConfigurationPlatforms) = postSolution
		{54319DA0-7E1D-456B-A0D3-E5CDE23B1EBF}.Ad-Hoc|Any CPU.ActiveCfg = Release|Any CPU
		{54319DA0-7E1D-456B-A0D3-E5CDE23B1EBF}.Ad-Hoc|Any CPU.Build.0 = Release|Any CPU
		{54319DA0-7E1D-456B-A0D3-E5CDE23B1EBF}.Ad-Hoc|Any CPU.Deploy.0 = Release|Any CPU
		{54319DA0-7E1D-456B-A0D3-E5CDE23B1EBF}.Ad-Hoc|iPhone.ActiveCfg = Release|Any CPU
		{54319DA0-7E1D-456B-A0D3-E5CDE23B1EBF}.Ad-Hoc|iPhone.Build.0 = Release|Any CPU
		{54319DA0-7E1D-456B-A0D3-E5CDE23B1EBF}.Ad-Hoc|iPhone.Deploy.0 = Release|Any CPU
		{54319DA0-7E1D-456B-A0D3-E5CDE23B1EBF}.Ad-Hoc|iPhoneSimulator.ActiveCfg = Release|Any CPU
		{54319DA0-7E1D-456B-A0D3-E5CDE23B1EBF}.Ad-Hoc|iPhoneSimulator.Build.0 = Release|Any CPU
		{54319DA0-7E1D-456B-A0D3-E5CDE23B1EBF}.Ad-Hoc|iPhoneSimulator.Deploy.0 = Release|Any CPU
		{54319DA0-7E1D-456B-A0D3-E5CDE23B1EBF}.AppStore|Any CPU.ActiveCfg = Release|Any CPU
		{54319DA0-7E1D-456B-A0D3-E5CDE23B1EBF}.AppStore|Any CPU.Build.0 = Release|Any CPU
		{54319DA0-7E1D-456B-A0D3-E5CDE23B1EBF}.AppStore|Any CPU.Deploy.0 = Release|Any CPU
		{54319DA0-7E1D-456B-A0D3-E5CDE23B1EBF}.AppStore|iPhone.ActiveCfg = Release|Any CPU
		{54319DA0-7E1D-456B-A0D3-E5CDE23B1EBF}.AppStore|iPhone.Build.0 = Release|Any CPU
		{54319DA0-7E1D-456B-A0D3-E5CDE23B1EBF}.AppStore|iPhone.Deploy.0 = Release|Any CPU
		{54319DA0-7E1D-456B-A0D3-E5CDE23B1EBF}.AppStore|iPhoneSimulator.ActiveCfg = Release|Any CPU
		{54319DA0-7E1D-456B-A0D3-E5CDE23B1EBF}.AppStore|iPhoneSimulator.Build.0 = Release|Any CPU
		{54319DA0-7E1D-456B-A0D3-E5CDE23B1EBF}.AppStore|iPhoneSimulator.Deploy.0 = Release|Any CPU
		{54319DA0-7E1D-456B-A0D3-E5CDE23B1EBF}.Debug|Any CPU.ActiveCfg = Debug|Any CPU
		{54319DA0-7E1D-456B-A0D3-E5CDE23B1EBF}.Debug|Any CPU.Build.0 = Debug|Any CPU
		{54319DA0-7E1D-456B-A0D3-E5CDE23B1EBF}.Debug|Any CPU.Deploy.0 = Debug|Any CPU
		{54319DA0-7E1D-456B-A0D3-E5CDE23B1EBF}.Debug|iPhone.ActiveCfg = Debug|Any CPU
		{54319DA0-7E1D-456B-A0D3-E5CDE23B1EBF}.Debug|iPhone.Build.0 = Debug|Any CPU
		{54319DA0-7E1D-456B-A0D3-E5CDE23B1EBF}.Debug|iPhone.Deploy.0 = Debug|Any CPU
		{54319DA0-7E1D-456B-A0D3-E5CDE23B1EBF}.Debug|iPhoneSimulator.ActiveCfg = Debug|Any CPU
		{54319DA0-7E1D-456B-A0D3-E5CDE23B1EBF}.Debug|iPhoneSimulator.Build.0 = Debug|Any CPU
		{54319DA0-7E1D-456B-A0D3-E5CDE23B1EBF}.Debug|iPhoneSimulator.Deploy.0 = Debug|Any CPU
		{54319DA0-7E1D-456B-A0D3-E5CDE23B1EBF}.Release|Any CPU.ActiveCfg = Release|Any CPU
		{54319DA0-7E1D-456B-A0D3-E5CDE23B1EBF}.Release|Any CPU.Build.0 = Release|Any CPU
		{54319DA0-7E1D-456B-A0D3-E5CDE23B1EBF}.Release|Any CPU.Deploy.0 = Release|Any CPU
		{54319DA0-7E1D-456B-A0D3-E5CDE23B1EBF}.Release|iPhone.ActiveCfg = Release|Any CPU
		{54319DA0-7E1D-456B-A0D3-E5CDE23B1EBF}.Release|iPhone.Build.0 = Release|Any CPU
		{54319DA0-7E1D-456B-A0D3-E5CDE23B1EBF}.Release|iPhone.Deploy.0 = Release|Any CPU
		{54319DA0-7E1D-456B-A0D3-E5CDE23B1EBF}.Release|iPhoneSimulator.ActiveCfg = Release|Any CPU
		{54319DA0-7E1D-456B-A0D3-E5CDE23B1EBF}.Release|iPhoneSimulator.Build.0 = Release|Any CPU
		{54319DA0-7E1D-456B-A0D3-E5CDE23B1EBF}.Release|iPhoneSimulator.Deploy.0 = Release|Any CPU
		{989AC7EF-8768-4954-B106-273C4376DD2F}.Ad-Hoc|Any CPU.ActiveCfg = Debug|Any CPU
		{989AC7EF-8768-4954-B106-273C4376DD2F}.Ad-Hoc|Any CPU.Build.0 = Debug|Any CPU
		{989AC7EF-8768-4954-B106-273C4376DD2F}.Ad-Hoc|Any CPU.Deploy.0 = Debug|Any CPU
		{989AC7EF-8768-4954-B106-273C4376DD2F}.Ad-Hoc|iPhone.ActiveCfg = Debug|Any CPU
		{989AC7EF-8768-4954-B106-273C4376DD2F}.Ad-Hoc|iPhone.Build.0 = Debug|Any CPU
		{989AC7EF-8768-4954-B106-273C4376DD2F}.Ad-Hoc|iPhone.Deploy.0 = Debug|Any CPU
		{989AC7EF-8768-4954-B106-273C4376DD2F}.Ad-Hoc|iPhoneSimulator.ActiveCfg = Debug|Any CPU
		{989AC7EF-8768-4954-B106-273C4376DD2F}.Ad-Hoc|iPhoneSimulator.Build.0 = Debug|Any CPU
		{989AC7EF-8768-4954-B106-273C4376DD2F}.Ad-Hoc|iPhoneSimulator.Deploy.0 = Debug|Any CPU
		{989AC7EF-8768-4954-B106-273C4376DD2F}.AppStore|Any CPU.ActiveCfg = Debug|Any CPU
		{989AC7EF-8768-4954-B106-273C4376DD2F}.AppStore|Any CPU.Build.0 = Debug|Any CPU
		{989AC7EF-8768-4954-B106-273C4376DD2F}.AppStore|Any CPU.Deploy.0 = Debug|Any CPU
		{989AC7EF-8768-4954-B106-273C4376DD2F}.AppStore|iPhone.ActiveCfg = Debug|Any CPU
		{989AC7EF-8768-4954-B106-273C4376DD2F}.AppStore|iPhone.Build.0 = Debug|Any CPU
		{989AC7EF-8768-4954-B106-273C4376DD2F}.AppStore|iPhone.Deploy.0 = Debug|Any CPU
		{989AC7EF-8768-4954-B106-273C4376DD2F}.AppStore|iPhoneSimulator.ActiveCfg = Debug|Any CPU
		{989AC7EF-8768-4954-B106-273C4376DD2F}.AppStore|iPhoneSimulator.Build.0 = Debug|Any CPU
		{989AC7EF-8768-4954-B106-273C4376DD2F}.AppStore|iPhoneSimulator.Deploy.0 = Debug|Any CPU
		{989AC7EF-8768-4954-B106-273C4376DD2F}.Debug|Any CPU.ActiveCfg = Debug|Any CPU
		{989AC7EF-8768-4954-B106-273C4376DD2F}.Debug|Any CPU.Build.0 = Debug|Any CPU
		{989AC7EF-8768-4954-B106-273C4376DD2F}.Debug|Any CPU.Deploy.0 = Debug|Any CPU
		{989AC7EF-8768-4954-B106-273C4376DD2F}.Debug|iPhone.ActiveCfg = Debug|Any CPU
		{989AC7EF-8768-4954-B106-273C4376DD2F}.Debug|iPhone.Build.0 = Debug|Any CPU
		{989AC7EF-8768-4954-B106-273C4376DD2F}.Debug|iPhone.Deploy.0 = Debug|Any CPU
		{989AC7EF-8768-4954-B106-273C4376DD2F}.Debug|iPhoneSimulator.ActiveCfg = Debug|Any CPU
		{989AC7EF-8768-4954-B106-273C4376DD2F}.Debug|iPhoneSimulator.Build.0 = Debug|Any CPU
		{989AC7EF-8768-4954-B106-273C4376DD2F}.Debug|iPhoneSimulator.Deploy.0 = Debug|Any CPU
		{989AC7EF-8768-4954-B106-273C4376DD2F}.Release|Any CPU.ActiveCfg = Release|Any CPU
		{989AC7EF-8768-4954-B106-273C4376DD2F}.Release|Any CPU.Build.0 = Release|Any CPU
		{989AC7EF-8768-4954-B106-273C4376DD2F}.Release|Any CPU.Deploy.0 = Release|Any CPU
		{989AC7EF-8768-4954-B106-273C4376DD2F}.Release|iPhone.ActiveCfg = Release|Any CPU
		{989AC7EF-8768-4954-B106-273C4376DD2F}.Release|iPhone.Build.0 = Release|Any CPU
		{989AC7EF-8768-4954-B106-273C4376DD2F}.Release|iPhone.Deploy.0 = Release|Any CPU
		{989AC7EF-8768-4954-B106-273C4376DD2F}.Release|iPhoneSimulator.ActiveCfg = Release|Any CPU
		{989AC7EF-8768-4954-B106-273C4376DD2F}.Release|iPhoneSimulator.Build.0 = Release|Any CPU
		{989AC7EF-8768-4954-B106-273C4376DD2F}.Release|iPhoneSimulator.Deploy.0 = Release|Any CPU
	EndGlobalSection
	GlobalSection(SolutionProperties) = preSolution
		HideSolutionNode = FALSE
	EndGlobalSection
	GlobalSection(ExtensibilityGlobals) = postSolution
		SolutionGuid = {1ABD126A-A622-400D-AF2B-17451A0448FC}
	EndGlobalSection
EndGlobal
